
Microsoft Visual Studio Solution File, Format Version 12.00
# Visual Studio 14
VisualStudioVersion = 14.0.25420.1
MinimumVisualStudioVersion = 10.0.40219.1
Project("{8BC9CEB8-8B4A-11D0-8D11-00A0C91BC942}") = "2d", "2d\2d.vcxproj", "{580E47A6-D226-4BD0-AF5A-5F829270E806}"
EndProject
Project("{8BC9CEB8-8B4A-11D0-8D11-00A0C91BC942}") = "2d-tests", "2d\2d-tests\2d-tests.vcxproj", "{2D62BCB3-3571-4586-B2E5-C3868ECABE17}"
EndProject
Global
	GlobalSection(SolutionConfigurationPlatforms) = preSolution
		Debug|x64 = Debug|x64
		Debug|x86 = Debug|x86
		Release|x64 = Release|x64
		Release|x86 = Release|x86
	EndGlobalSection
	GlobalSection(ProjectConfigurationPlatforms) = postSolution
		{580E47A6-D226-4BD0-AF5A-5F829270E806}.Debug|x64.ActiveCfg = Debug|x64
		{580E47A6-D226-4BD0-AF5A-5F829270E806}.Debug|x64.Build.0 = Debug|x64
		{580E47A6-D226-4BD0-AF5A-5F829270E806}.Debug|x86.ActiveCfg = Debug|Win32
		{580E47A6-D226-4BD0-AF5A-5F829270E806}.Debug|x86.Build.0 = Debug|Win32
		{580E47A6-D226-4BD0-AF5A-5F829270E806}.Release|x64.ActiveCfg = Release|x64
		{580E47A6-D226-4BD0-AF5A-5F829270E806}.Release|x64.Build.0 = Release|x64
		{580E47A6-D226-4BD0-AF5A-5F829270E806}.Release|x86.ActiveCfg = Release|Win32
		{580E47A6-D226-4BD0-AF5A-5F829270E806}.Release|x86.Build.0 = Release|Win32
		{2D62BCB3-3571-4586-B2E5-C3868ECABE17}.Debug|x64.ActiveCfg = Debug|x64
		{2D62BCB3-3571-4586-B2E5-C3868ECABE17}.Debug|x64.Build.0 = Debug|x64
		{2D62BCB3-3571-4586-B2E5-C3868ECABE17}.Debug|x86.ActiveCfg = Debug|Win32
		{2D62BCB3-3571-4586-B2E5-C3868ECABE17}.Debug|x86.Build.0 = Debug|Win32
		{2D62BCB3-3571-4586-B2E5-C3868ECABE17}.Release|x64.ActiveCfg = Release|x64
		{2D62BCB3-3571-4586-B2E5-C3868ECABE17}.Release|x64.Build.0 = Release|x64
		{2D62BCB3-3571-4586-B2E5-C3868ECABE17}.Release|x86.ActiveCfg = Release|Win32
		{2D62BCB3-3571-4586-B2E5-C3868ECABE17}.Release|x86.Build.0 = Release|Win32
	EndGlobalSection
	GlobalSection(SolutionProperties) = preSolution
		HideSolutionNode = FALSE
	EndGlobalSection
EndGlobal
